// !$*UTF8*$!
{
	archiveVersion = 1;
	classes = {
	};
	objectVersion = 46;
	objects = {

/* Begin PBXBuildFile section */
		56ADC63719D3456D004AD269 /* AppDelegate.swift in Sources */ = {isa = PBXBuildFile; fileRef = 56ADC63619D3456D004AD269 /* AppDelegate.swift */; };
		56ADC63919D3456D004AD269 /* ViewController.swift in Sources */ = {isa = PBXBuildFile; fileRef = 56ADC63819D3456D004AD269 /* ViewController.swift */; };
		56ADC63C19D3456D004AD269 /* Main.storyboard in Resources */ = {isa = PBXBuildFile; fileRef = 56ADC63A19D3456D004AD269 /* Main.storyboard */; };
		56ADC63E19D3456D004AD269 /* Images.xcassets in Resources */ = {isa = PBXBuildFile; fileRef = 56ADC63D19D3456D004AD269 /* Images.xcassets */; };
		56ADC64119D3456D004AD269 /* LaunchScreen.xib in Resources */ = {isa = PBXBuildFile; fileRef = 56ADC63F19D3456D004AD269 /* LaunchScreen.xib */; };
		56ADC64D19D3456D004AD269 /* postcardTests.swift in Sources */ = {isa = PBXBuildFile; fileRef = 56ADC64C19D3456D004AD269 /* postcardTests.swift */; };
		56ADC65819D34626004AD269 /* mickeyMouse256x256.png in Resources */ = {isa = PBXBuildFile; fileRef = 56ADC65619D34626004AD269 /* mickeyMouse256x256.png */; };
		56ADC65919D34626004AD269 /* wasp.png in Resources */ = {isa = PBXBuildFile; fileRef = 56ADC65719D34626004AD269 /* wasp.png */; };
/* End PBXBuildFile section */

/* Begin PBXContainerItemProxy section */
		56ADC64719D3456D004AD269 /* PBXContainerItemProxy */ = {
			isa = PBXContainerItemProxy;
			containerPortal = 56ADC62919D3456D004AD269 /* Project object */;
			proxyType = 1;
			remoteGlobalIDString = 56ADC63019D3456D004AD269;
			remoteInfo = postcard;
		};
/* End PBXContainerItemProxy section */

/* Begin PBXFileReference section */
		56ADC63119D3456D004AD269 /* postcard.app */ = {isa = PBXFileReference; explicitFileType = wrapper.application; includeInIndex = 0; path = postcard.app; sourceTree = BUILT_PRODUCTS_DIR; };
		56ADC63519D3456D004AD269 /* Info.plist */ = {isa = PBXFileReference; lastKnownFileType = text.plist.xml; path = Info.plist; sourceTree = "<group>"; };
		56ADC63619D3456D004AD269 /* AppDelegate.swift */ = {isa = PBXFileReference; lastKnownFileType = sourcecode.swift; path = AppDelegate.swift; sourceTree = "<group>"; };
		56ADC63819D3456D004AD269 /* ViewController.swift */ = {isa = PBXFileReference; lastKnownFileType = sourcecode.swift; path = ViewController.swift; sourceTree = "<group>"; };
		56ADC63B19D3456D004AD269 /* Base */ = {isa = PBXFileReference; lastKnownFileType = file.storyboard; name = Base; path = Base.lproj/Main.storyboard; sourceTree = "<group>"; };
		56ADC63D19D3456D004AD269 /* Images.xcassets */ = {isa = PBXFileReference; lastKnownFileType = folder.assetcatalog; path = Images.xcassets; sourceTree = "<group>"; };
		56ADC64019D3456D004AD269 /* Base */ = {isa = PBXFileReference; lastKnownFileType = file.xib; name = Base; path = Base.lproj/LaunchScreen.xib; sourceTree = "<group>"; };
		56ADC64619D3456D004AD269 /* postcardTests.xctest */ = {isa = PBXFileReference; explicitFileType = wrapper.cfbundle; includeInIndex = 0; path = postcardTests.xctest; sourceTree = BUILT_PRODUCTS_DIR; };
		56ADC64B19D3456D004AD269 /* Info.plist */ = {isa = PBXFileReference; lastKnownFileType = text.plist.xml; path = Info.plist; sourceTree = "<group>"; };
		56ADC64C19D3456D004AD269 /* postcardTests.swift */ = {isa = PBXFileReference; lastKnownFileType = sourcecode.swift; path = postcardTests.swift; sourceTree = "<group>"; };
		56ADC65619D34626004AD269 /* mickeyMouse256x256.png */ = {isa = PBXFileReference; lastKnownFileType = image.png; path = mickeyMouse256x256.png; sourceTree = "<group>"; };
		56ADC65719D34626004AD269 /* wasp.png */ = {isa = PBXFileReference; lastKnownFileType = image.png; path = wasp.png; sourceTree = "<group>"; };
/* End PBXFileReference section */

/* Begin PBXFrameworksBuildPhase section */
		56ADC62E19D3456D004AD269 /* Frameworks */ = {
			isa = PBXFrameworksBuildPhase;
			buildActionMask = 2147483647;
			files = (
			);
			runOnlyForDeploymentPostprocessing = 0;
		};
		56ADC64319D3456D004AD269 /* Frameworks */ = {
			isa = PBXFrameworksBuildPhase;
			buildActionMask = 2147483647;
			files = (
			);
			runOnlyForDeploymentPostprocessing = 0;
		};
/* End PBXFrameworksBuildPhase section */

/* Begin PBXGroup section */
		56ADC62819D3456D004AD269 = {
			isa = PBXGroup;
			children = (
				56ADC63319D3456D004AD269 /* postcard */,
				56ADC64919D3456D004AD269 /* postcardTests */,
				56ADC63219D3456D004AD269 /* Products */,
			);
			sourceTree = "<group>";
		};
		56ADC63219D3456D004AD269 /* Products */ = {
			isa = PBXGroup;
			children = (
				56ADC63119D3456D004AD269 /* postcard.app */,
				56ADC64619D3456D004AD269 /* postcardTests.xctest */,
			);
			name = Products;
			sourceTree = "<group>";
		};
		56ADC63319D3456D004AD269 /* postcard */ = {
			isa = PBXGroup;
			children = (
				56ADC63619D3456D004AD269 /* AppDelegate.swift */,
				56ADC63819D3456D004AD269 /* ViewController.swift */,
				56ADC63A19D3456D004AD269 /* Main.storyboard */,
				56ADC63D19D3456D004AD269 /* Images.xcassets */,
				56ADC63F19D3456D004AD269 /* LaunchScreen.xib */,
				56ADC63419D3456D004AD269 /* Supporting Files */,
			);
			path = postcard;
			sourceTree = "<group>";
		};
		56ADC63419D3456D004AD269 /* Supporting Files */ = {
			isa = PBXGroup;
			children = (
				56ADC65619D34626004AD269 /* mickeyMouse256x256.png */,
				56ADC65719D34626004AD269 /* wasp.png */,
				56ADC63519D3456D004AD269 /* Info.plist */,
			);
			name = "Supporting Files";
			sourceTree = "<group>";
		};
		56ADC64919D3456D004AD269 /* postcardTests */ = {
			isa = PBXGroup;
			children = (
				56ADC64C19D3456D004AD269 /* postcardTests.swift */,
				56ADC64A19D3456D004AD269 /* Supporting Files */,
			);
			path = postcardTests;
			sourceTree = "<group>";
		};
		56ADC64A19D3456D004AD269 /* Supporting Files */ = {
			isa = PBXGroup;
			children = (
				56ADC64B19D3456D004AD269 /* Info.plist */,
			);
			name = "Supporting Files";
			sourceTree = "<group>";
		};
/* End PBXGroup section */

/* Begin PBXNativeTarget section */
		56ADC63019D3456D004AD269 /* postcard */ = {
			isa = PBXNativeTarget;
			buildConfigurationList = 56ADC65019D3456D004AD269 /* Build configuration list for PBXNativeTarget "postcard" */;
			buildPhases = (
				56ADC62D19D3456D004AD269 /* Sources */,
				56ADC62E19D3456D004AD269 /* Frameworks */,
				56ADC62F19D3456D004AD269 /* Resources */,
			);
			buildRules = (
			);
			dependencies = (
			);
			name = postcard;
			productName = postcard;
			productReference = 56ADC63119D3456D004AD269 /* postcard.app */;
			productType = "com.apple.product-type.application";
		};
		56ADC64519D3456D004AD269 /* postcardTests */ = {
			isa = PBXNativeTarget;
			buildConfigurationList = 56ADC65319D3456D004AD269 /* Build configuration list for PBXNativeTarget "postcardTests" */;
			buildPhases = (
				56ADC64219D3456D004AD269 /* Sources */,
				56ADC64319D3456D004AD269 /* Frameworks */,
				56ADC64419D3456D004AD269 /* Resources */,
			);
			buildRules = (
			);
			dependencies = (
				56ADC64819D3456D004AD269 /* PBXTargetDependency */,
			);
			name = postcardTests;
			productName = postcardTests;
			productReference = 56ADC64619D3456D004AD269 /* postcardTests.xctest */;
			productType = "com.apple.product-type.bundle.unit-test";
		};
/* End PBXNativeTarget section */

/* Begin PBXProject section */
		56ADC62919D3456D004AD269 /* Project object */ = {
			isa = PBXProject;
			attributes = {
				LastUpgradeCheck = 0600;
				ORGANIZATIONNAME = Charles;
				TargetAttributes = {
					56ADC63019D3456D004AD269 = {
						CreatedOnToolsVersion = 6.0;
					};
					56ADC64519D3456D004AD269 = {
						CreatedOnToolsVersion = 6.0;
						TestTargetID = 56ADC63019D3456D004AD269;
					};
				};
			};
			buildConfigurationList = 56ADC62C19D3456D004AD269 /* Build configuration list for PBXProject "postcard" */;
			compatibilityVersion = "Xcode 3.2";
			developmentRegion = English;
			hasScannedForEncodings = 0;
			knownRegions = (
				en,
				Base,
			);
			mainGroup = 56ADC62819D3456D004AD269;
			productRefGroup = 56ADC63219D3456D004AD269 /* Products */;
			projectDirPath = "";
			projectRoot = "";
			targets = (
				56ADC63019D3456D004AD269 /* postcard */,
				56ADC64519D3456D004AD269 /* postcardTests */,
			);
		};
/* End PBXProject section */

/* Begin PBXResourcesBuildPhase section */
		56ADC62F19D3456D004AD269 /* Resources */ = {
			isa = PBXResourcesBuildPhase;
			buildActionMask = 2147483647;
			files = (
				56ADC63C19D3456D004AD269 /* Main.storyboard in Resources */,
				56ADC65919D34626004AD269 /* wasp.png in Resources */,
				56ADC64119D3456D004AD269 /* LaunchScreen.xib in Resources */,
				56ADC65819D34626004AD269 /* mickeyMouse256x256.png in Resources */,
				56ADC63E19D3456D004AD269 /* Images.xcassets in Resources */,
			);
			runOnlyForDeploymentPostprocessing = 0;
		};
		56ADC64419D3456D004AD269 /* Resources */ = {
			isa = PBXResourcesBuildPhase;
			buildActionMask = 2147483647;
			files = (
			);
			runOnlyForDeploymentPostprocessing = 0;
		};
/* End PBXResourcesBuildPhase section */

/* Begin PBXSourcesBuildPhase section */
		56ADC62D19D3456D004AD269 /* Sources */ = {
			isa = PBXSourcesBuildPhase;
			buildActionMask = 2147483647;
			files = (
				56ADC63919D3456D004AD269 /* ViewController.swift in Sources */,
				56ADC63719D3456D004AD269 /* AppDelegate.swift in Sources */,
			);
			runOnlyForDeploymentPostprocessing = 0;
		};
		56ADC64219D3456D004AD269 /* Sources */ = {
			isa = PBXSourcesBuildPhase;
			buildActionMask = 2147483647;
			files = (
				56ADC64D19D3456D004AD269 /* postcardTests.swift in Sources */,
			);
			runOnlyForDeploymentPostprocessing = 0;
		};
/* End PBXSourcesBuildPhase section */

/* Begin PBXTargetDependency section */
		56ADC64819D3456D004AD269 /* PBXTargetDependency */ = {
			isa = PBXTargetDependency;
			target = 56ADC63019D3456D004AD269 /* postcard */;
			targetProxy = 56ADC64719D3456D004AD269 /* PBXContainerItemProxy */;
		};
/* End PBXTargetDependency section */

/* Begin PBXVariantGroup section */
		56ADC63A19D3456D004AD269 /* Main.storyboard */ = {
			isa = PBXVariantGroup;
			children = (
				56ADC63B19D3456D004AD269 /* Base */,
			);
			name = Main.storyboard;
			sourceTree = "<group>";
		};
		56ADC63F19D3456D004AD269 /* LaunchScreen.xib */ = {
			isa = PBXVariantGroup;
			children = (
				56ADC64019D3456D004AD269 /* Base */,
			);
			name = LaunchScreen.xib;
			sourceTree = "<group>";
		};
/* End PBXVariantGroup section */

/* Begin XCBuildConfiguration section */
		56ADC64E19D3456D004AD269 /* Debug */ = {
			isa = XCBuildConfiguration;
			buildSettings = {
				ALWAYS_SEARCH_USER_PATHS = NO;
				CLANG_CXX_LANGUAGE_STANDARD = "gnu++0x";
				CLANG_CXX_LIBRARY = "libc++";
				CLANG_ENABLE_MODULES = YES;
				CLANG_ENABLE_OBJC_ARC = YES;
				CLANG_WARN_BOOL_CONVERSION = YES;
				CLANG_WARN_CONSTANT_CONVERSION = YES;
				CLANG_WARN_DIRECT_OBJC_ISA_USAGE = YES_ERROR;
				CLANG_WARN_EMPTY_BODY = YES;
				CLANG_WARN_ENUM_CONVERSION = YES;
				CLANG_WARN_INT_CONVERSION = YES;
				CLANG_WARN_OBJC_ROOT_CLASS = YES_ERROR;
				CLANG_WARN_UNREACHABLE_CODE = YES;
				CLANG_WARN__DUPLICATE_METHOD_MATCH = YES;
				"CODE_SIGN_IDENTITY[sdk=iphoneos*]" = "iPhone Developer";
				COPY_PHASE_STRIP = NO;
				ENABLE_STRICT_OBJC_MSGSEND = YES;
				GCC_C_LANGUAGE_STANDARD = gnu99;
				GCC_DYNAMIC_NO_PIC = NO;
				GCC_OPTIMIZATION_LEVEL = 0;
				GCC_PREPROCESSOR_DEFINITIONS = (
					"DEBUG=1",
					"$(inherited)",
				);
				GCC_SYMBOLS_PRIVATE_EXTERN = NO;
				GCC_WARN_64_TO_32_BIT_CONVERSION = YES;
				GCC_WARN_ABOUT_RETURN_TYPE = YES_ERROR;
				GCC_WARN_UNDECLARED_SELECTOR = YES;
				GCC_WARN_UNINITIALIZED_AUTOS = YES_AGGRESSIVE;
				GCC_WARN_UNUSED_FUNCTION = YES;
				GCC_WARN_UNUSED_VARIABLE = YES;
				IPHONEOS_DEPLOYMENT_TARGET = 8.0;
				MTL_ENABLE_DEBUG_INFO = YES;
				ONLY_ACTIVE_ARCH = YES;
				SDKROOT = iphoneos;
				SWIFT_OPTIMIZATION_LEVEL = "-Onone";
			};
			name = Debug;
		};
		56ADC64F19D3456D004AD269 /* Release */ = {
			isa = XCBuildConfiguration;
			buildSettings = {
				ALWAYS_SEARCH_USER_PATHS = NO;
				CLANG_CXX_LANGUAGE_STANDARD = "gnu++0x";
				CLANG_CXX_LIBRARY = "libc++";
				CLANG_ENABLE_MODULES = YES;
				CLANG_ENABLE_OBJC_ARC = YES;
				CLANG_WARN_BOOL_CONVERSION = YES;
				CLANG_WARN_CONSTANT_CONVERSION = YES;
				CLANG_WARN_DIRECT_OBJC_ISA_USAGE = YES_ERROR;
				CLANG_WARN_EMPTY_BODY = YES;
				CLANG_WARN_ENUM_CONVERSION = YES;
				CLANG_WARN_INT_CONVERSION = YES;
				CLANG_WARN_OBJC_ROOT_CLASS = YES_ERROR;
				CLANG_WARN_UNREACHABLE_CODE = YES;
				CLANG_WARN__DUPLICATE_METHOD_MATCH = YES;
				"CODE_SIGN_IDENTITY[sdk=iphoneos*]" = "iPhone Developer";
				COPY_PHASE_STRIP = YES;
				ENABLE_NS_ASSERTIONS = NO;
				ENABLE_STRICT_OBJC_MSGSEND = YES;
				GCC_C_LANGUAGE_STANDARD = gnu99;
				GCC_WARN_64_TO_32_BIT_CONVERSION = YES;
				GCC_WARN_ABOUT_RETURN_TYPE = YES_ERROR;
				GCC_WARN_UNDECLARED_SELECTOR = YES;
				GCC_WARN_UNINITIALIZED_AUTOS = YES_AGGRESSIVE;
				GCC_WARN_UNUSED_FUNCTION = YES;
				GCC_WARN_UNUSED_VARIABLE = YES;
				IPHONEOS_DEPLOYMENT_TARGET = 8.0;
				MTL_ENABLE_DEBUG_INFO = NO;
				SDKROOT = iphoneos;
				VALIDATE_PRODUCT = YES;
			};
			name = Release;
		};
		56ADC65119D3456D004AD269 /* Debug */ = {
			isa = XCBuildConfiguration;
			buildSettings = {
				ASSETCATALOG_COMPILER_APPICON_NAME = AppIcon;
				INFOPLIST_FILE = postcard/Info.plist;
				LD_RUNPATH_SEARCH_PATHS = "$(inherited) @executable_path/Frameworks";
				PRODUCT_NAME = "$(TARGET_NAME)";
			};
			name = Debug;
		};
		56ADC65219D3456D004AD269 /* Release */ = {
			isa = XCBuildConfiguration;
			buildSettings = {
				ASSETCATALOG_COMPILER_APPICON_NAME = AppIcon;
				INFOPLIST_FILE = postcard/Info.plist;
				LD_RUNPATH_SEARCH_PATHS = "$(inherited) @executable_path/Frameworks";
				PRODUCT_NAME = "$(TARGET_NAME)";
			};
			name = Release;
		};
		56ADC65419D3456D004AD269 /* Debug */ = {
			isa = XCBuildConfiguration;
			buildSettings = {
				BUNDLE_LOADER = "$(TEST_HOST)";
				FRAMEWORK_SEARCH_PATHS = (
					"$(SDKROOT)/Developer/Library/Frameworks",
					"$(inherited)",
				);
				GCC_PREPROCESSOR_DEFINITIONS = (
					"DEBUG=1",
					"$(inherited)",
				);
				INFOPLIST_FILE = postcardTests/Info.plist;
				LD_RUNPATH_SEARCH_PATHS = "$(inherited) @executable_path/Frameworks @loader_path/Frameworks";
				PRODUCT_NAME = "$(TARGET_NAME)";
				TEST_HOST = "$(BUILT_PRODUCTS_DIR)/postcard.app/postcard";
			};
			name = Debug;
		};
		56ADC65519D3456D004AD269 /* Release */ = {
			isa = XCBuildConfiguration;
			buildSettings = {
				BUNDLE_LOADER = "$(TEST_HOST)";
				FRAMEWORK_SEARCH_PATHS = (
					"$(SDKROOT)/Developer/Library/Frameworks",
					"$(inherited)",
				);
				INFOPLIST_FILE = postcardTests/Info.plist;
				LD_RUNPATH_SEARCH_PATHS = "$(inherited) @executable_path/Frameworks @loader_path/Frameworks";
				PRODUCT_NAME = "$(TARGET_NAME)";
				TEST_HOST = "$(BUILT_PRODUCTS_DIR)/postcard.app/postcard";
			};
			name = Release;
		};
/* End XCBuildConfiguration section */

/* Begin XCConfigurationList section */
		56ADC62C19D3456D004AD269 /* Build configuration list for PBXProject "postcard" */ = {
			isa = XCConfigurationList;
			buildConfigurations = (
				56ADC64E19D3456D004AD269 /* Debug */,
				56ADC64F19D3456D004AD269 /* Release */,
			);
			defaultConfigurationIsVisible = 0;
			defaultConfigurationName = Release;
		};
		56ADC65019D3456D004AD269 /* Build configuration list for PBXNativeTarget "postcard" */ = {
			isa = XCConfigurationList;
			buildConfigurations = (
				56ADC65119D3456D004AD269 /* Debug */,
				56ADC65219D3456D004AD269 /* Release */,
			);
			defaultConfigurationIsVisible = 0;
		};
		56ADC65319D3456D004AD269 /* Build configuration list for PBXNativeTarget "postcardTests" */ = {
			isa = XCConfigurationList;
			buildConfigurations = (
				56ADC65419D3456D004AD269 /* Debug */,
				56ADC65519D3456D004AD269 /* Release */,
			);
			defaultConfigurationIsVisible = 0;
		};
/* End XCConfigurationList section */
	};
	rootObject = 56ADC62919D3456D004AD269 /* Project object */;
}
